// !$*UTF8*$!
{
	archiveVersion = 1;
	classes = {
	};
	objectVersion = 50;
	objects = {

/* Begin PBXBuildFile section */
		D0339BE322D241FB00898F2B /* AppDelegate.swift in Sources */ = {isa = PBXBuildFile; fileRef = D0339BE222D241FB00898F2B /* AppDelegate.swift */; };
		D0339BE522D241FB00898F2B /* SceneDelegate.swift in Sources */ = {isa = PBXBuildFile; fileRef = D0339BE422D241FB00898F2B /* SceneDelegate.swift */; };
		D0339BE722D241FB00898F2B /* ContentView.swift in Sources */ = {isa = PBXBuildFile; fileRef = D0339BE622D241FB00898F2B /* ContentView.swift */; };
		D0339BE922D241FE00898F2B /* Assets.xcassets in Resources */ = {isa = PBXBuildFile; fileRef = D0339BE822D241FE00898F2B /* Assets.xcassets */; };
		D0339BEC22D241FE00898F2B /* Preview Assets.xcassets in Resources */ = {isa = PBXBuildFile; fileRef = D0339BEB22D241FE00898F2B /* Preview Assets.xcassets */; };
		D0339BEF22D241FE00898F2B /* LaunchScreen.storyboard in Resources */ = {isa = PBXBuildFile; fileRef = D0339BED22D241FE00898F2B /* LaunchScreen.storyboard */; };
/* End PBXBuildFile section */

/* Begin PBXFileReference section */
		D0339BDF22D241FB00898F2B /* news-api.app */ = {isa = PBXFileReference; explicitFileType = wrapper.application; includeInIndex = 0; path = "news-api.app"; sourceTree = BUILT_PRODUCTS_DIR; };
		D0339BE222D241FB00898F2B /* AppDelegate.swift */ = {isa = PBXFileReference; lastKnownFileType = sourcecode.swift; path = AppDelegate.swift; sourceTree = "<group>"; };
		D0339BE422D241FB00898F2B /* SceneDelegate.swift */ = {isa = PBXFileReference; lastKnownFileType = sourcecode.swift; path = SceneDelegate.swift; sourceTree = "<group>"; };
		D0339BE622D241FB00898F2B /* ContentView.swift */ = {isa = PBXFileReference; lastKnownFileType = sourcecode.swift; path = ContentView.swift; sourceTree = "<group>"; };
		D0339BE822D241FE00898F2B /* Assets.xcassets */ = {isa = PBXFileReference; lastKnownFileType = folder.assetcatalog; path = Assets.xcassets; sourceTree = "<group>"; };
		D0339BEB22D241FE00898F2B /* Preview Assets.xcassets */ = {isa = PBXFileReference; lastKnownFileType = folder.assetcatalog; path = "Preview Assets.xcassets"; sourceTree = "<group>"; };
		D0339BEE22D241FE00898F2B /* Base */ = {isa = PBXFileReference; lastKnownFileType = file.storyboard; name = Base; path = Base.lproj/LaunchScreen.storyboard; sourceTree = "<group>"; };
		D0339BF022D241FE00898F2B /* Info.plist */ = {isa = PBXFileReference; lastKnownFileType = text.plist.xml; path = Info.plist; sourceTree = "<group>"; };
/* End PBXFileReference section */

/* Begin PBXFrameworksBuildPhase section */
		D0339BDC22D241FB00898F2B /* Frameworks */ = {
			isa = PBXFrameworksBuildPhase;
			buildActionMask = 2147483647;
			files = (
			);
			runOnlyForDeploymentPostprocessing = 0;
		};
/* End PBXFrameworksBuildPhase section */

/* Begin PBXGroup section */
		D0339BD622D241FB00898F2B = {
			isa = PBXGroup;
			children = (
				D0339BE122D241FB00898F2B /* news-api */,
				D0339BE022D241FB00898F2B /* Products */,
			);
			sourceTree = "<group>";
		};
		D0339BE022D241FB00898F2B /* Products */ = {
			isa = PBXGroup;
			children = (
				D0339BDF22D241FB00898F2B /* news-api.app */,
			);
			name = Products;
			sourceTree = "<group>";
		};
		D0339BE122D241FB00898F2B /* news-api */ = {
			isa = PBXGroup;
			children = (
				D0339BE222D241FB00898F2B /* AppDelegate.swift */,
				D0339BE422D241FB00898F2B /* SceneDelegate.swift */,
				D0339BE622D241FB00898F2B /* ContentView.swift */,
				D0339BE822D241FE00898F2B /* Assets.xcassets */,
				D0339BED22D241FE00898F2B /* LaunchScreen.storyboard */,
				D0339BF022D241FE00898F2B /* Info.plist */,
				D0339BEA22D241FE00898F2B /* Preview Content */,
			);
			path = "news-api";
			sourceTree = "<group>";
		};
		D0339BEA22D241FE00898F2B /* Preview Content */ = {
			isa = PBXGroup;
			children = (
				D0339BEB22D241FE00898F2B /* Preview Assets.xcassets */,
			);
			path = "Preview Content";
			sourceTree = "<group>";
		};
/* End PBXGroup section */

/* Begin PBXNativeTarget section */
		D0339BDE22D241FB00898F2B /* news-api */ = {
			isa = PBXNativeTarget;
			buildConfigurationList = D0339BF322D241FE00898F2B /* Build configuration list for PBXNativeTarget "news-api" */;
			buildPhases = (
				D0339BDB22D241FB00898F2B /* Sources */,
				D0339BDC22D241FB00898F2B /* Frameworks */,
				D0339BDD22D241FB00898F2B /* Resources */,
			);
			buildRules = (
			);
			dependencies = (
			);
			name = "news-api";
			productName = "news-api";
			productReference = D0339BDF22D241FB00898F2B /* news-api.app */;
			productType = "com.apple.product-type.application";
		};
/* End PBXNativeTarget section */

/* Begin PBXProject section */
		D0339BD722D241FB00898F2B /* Project object */ = {
			isa = PBXProject;
			attributes = {
				LastSwiftUpdateCheck = 1100;
				LastUpgradeCheck = 1100;
				ORGANIZATIONNAME = "Maxence Mottard";
				TargetAttributes = {
					D0339BDE22D241FB00898F2B = {
						CreatedOnToolsVersion = 11.0;
					};
				};
			};
			buildConfigurationList = D0339BDA22D241FB00898F2B /* Build configuration list for PBXProject "news-api" */;
			compatibilityVersion = "Xcode 9.3";
			developmentRegion = en;
			hasScannedForEncodings = 0;
			knownRegions = (
				en,
				Base,
			);
			mainGroup = D0339BD622D241FB00898F2B;
			productRefGroup = D0339BE022D241FB00898F2B /* Products */;
			projectDirPath = "";
			projectRoot = "";
			targets = (
				D0339BDE22D241FB00898F2B /* news-api */,
			);
		};
/* End PBXProject section */

/* Begin PBXResourcesBuildPhase section */
		D0339BDD22D241FB00898F2B /* Resources */ = {
			isa = PBXResourcesBuildPhase;
			buildActionMask = 2147483647;
			files = (
				D0339BEF22D241FE00898F2B /* LaunchScreen.storyboard in Resources */,
				D0339BEC22D241FE00898F2B /* Preview Assets.xcassets in Resources */,
				D0339BE922D241FE00898F2B /* Assets.xcassets in Resources */,
			);
			runOnlyForDeploymentPostprocessing = 0;
		};
/* End PBXResourcesBuildPhase section */

/* Begin PBXSourcesBuildPhase section */
		D0339BDB22D241FB00898F2B /* Sources */ = {
			isa = PBXSourcesBuildPhase;
			buildActionMask = 2147483647;
			files = (
				D0339BE322D241FB00898F2B /* AppDelegate.swift in Sources */,
				D0339BE522D241FB00898F2B /* SceneDelegate.swift in Sources */,
				D0339BE722D241FB00898F2B /* ContentView.swift in Sources */,
			);
			runOnlyForDeploymentPostprocessing = 0;
		};
/* End PBXSourcesBuildPhase section */

/* Begin PBXVariantGroup section */
		D0339BED22D241FE00898F2B /* LaunchScreen.storyboard */ = {
			isa = PBXVariantGroup;
			children = (
				D0339BEE22D241FE00898F2B /* Base */,
			);
			name = LaunchScreen.storyboard;
			sourceTree = "<group>";
		};
/* End PBXVariantGroup section */

/* Begin XCBuildConfiguration section */
		D0339BF122D241FE00898F2B /* Debug */ = {
			isa = XCBuildConfiguration;
			buildSettings = {
				ALWAYS_SEARCH_USER_PATHS = NO;
				CLANG_ANALYZER_NONNULL = YES;
				CLANG_ANALYZER_NUMBER_OBJECT_CONVERSION = YES_AGGRESSIVE;
				CLANG_CXX_LANGUAGE_STANDARD = "gnu++14";
				CLANG_CXX_LIBRARY = "libc++";
				CLANG_ENABLE_MODULES = YES;
				CLANG_ENABLE_OBJC_ARC = YES;
				CLANG_ENABLE_OBJC_WEAK = YES;
				CLANG_WARN_BLOCK_CAPTURE_AUTORELEASING = YES;
				CLANG_WARN_BOOL_CONVERSION = YES;
				CLANG_WARN_COMMA = YES;
				CLANG_WARN_CONSTANT_CONVERSION = YES;
				CLANG_WARN_DEPRECATED_OBJC_IMPLEMENTATIONS = YES;
				CLANG_WARN_DIRECT_OBJC_ISA_USAGE = YES_ERROR;
				CLANG_WARN_DOCUMENTATION_COMMENTS = YES;
				CLANG_WARN_EMPTY_BODY = YES;
				CLANG_WARN_ENUM_CONVERSION = YES;
				CLANG_WARN_INFINITE_RECURSION = YES;
				CLANG_WARN_INT_CONVERSION = YES;
				CLANG_WARN_NON_LITERAL_NULL_CONVERSION = YES;
				CLANG_WARN_OBJC_IMPLICIT_RETAIN_SELF = YES;
				CLANG_WARN_OBJC_LITERAL_CONVERSION = YES;
				CLANG_WARN_OBJC_ROOT_CLASS = YES_ERROR;
				CLANG_WARN_RANGE_LOOP_ANALYSIS = YES;
				CLANG_WARN_STRICT_PROTOTYPES = YES;
				CLANG_WARN_SUSPICIOUS_MOVE = YES;
				CLANG_WARN_UNGUARDED_AVAILABILITY = YES_AGGRESSIVE;
				CLANG_WARN_UNREACHABLE_CODE = YES;
				CLANG_WARN__DUPLICATE_METHOD_MATCH = YES;
				COPY_PHASE_STRIP = NO;
				DEBUG_INFORMATION_FORMAT = dwarf;
				ENABLE_STRICT_OBJC_MSGSEND = YES;
				ENABLE_TESTABILITY = YES;
				GCC_C_LANGUAGE_STANDARD = gnu11;
				GCC_DYNAMIC_NO_PIC = NO;
				GCC_NO_COMMON_BLOCKS = YES;
				GCC_OPTIMIZATION_LEVEL = 0;
				GCC_PREPROCESSOR_DEFINITIONS = (
					"DEBUG=1",
					"$(inherited)",
				);
				GCC_WARN_64_TO_32_BIT_CONVERSION = YES;
				GCC_WARN_ABOUT_RETURN_TYPE = YES_ERROR;
				GCC_WARN_UNDECLARED_SELECTOR = YES;
				GCC_WARN_UNINITIALIZED_AUTOS = YES_AGGRESSIVE;
				GCC_WARN_UNUSED_FUNCTION = YES;
				GCC_WARN_UNUSED_VARIABLE = YES;
				IPHONEOS_DEPLOYMENT_TARGET = 13.0;
				MTL_ENABLE_DEBUG_INFO = INCLUDE_SOURCE;
				MTL_FAST_MATH = YES;
				ONLY_ACTIVE_ARCH = YES;
				SDKROOT = iphoneos;
				SWIFT_ACTIVE_COMPILATION_CONDITIONS = DEBUG;
				SWIFT_OPTIMIZATION_LEVEL = "-Onone";
			};
			name = Debug;
		};
		D0339BF222D241FE00898F2B /* Release */ = {
			isa = XCBuildConfiguration;
			buildSettings = {
				ALWAYS_SEARCH_USER_PATHS = NO;
				CLANG_ANALYZER_NONNULL = YES;
				CLANG_ANALYZER_NUMBER_OBJECT_CONVERSION = YES_AGGRESSIVE;
				CLANG_CXX_LANGUAGE_STANDARD = "gnu++14";
				CLANG_CXX_LIBRARY = "libc++";
				CLANG_ENABLE_MODULES = YES;
				CLANG_ENABLE_OBJC_ARC = YES;
				CLANG_ENABLE_OBJC_WEAK = YES;
				CLANG_WARN_BLOCK_CAPTURE_AUTORELEASING = YES;
				CLANG_WARN_BOOL_CONVERSION = YES;
				CLANG_WARN_COMMA = YES;
				CLANG_WARN_CONSTANT_CONVERSION = YES;
				CLANG_WARN_DEPRECATED_OBJC_IMPLEMENTATIONS = YES;
				CLANG_WARN_DIRECT_OBJC_ISA_USAGE = YES_ERROR;
				CLANG_WARN_DOCUMENTATION_COMMENTS = YES;
				CLANG_WARN_EMPTY_BODY = YES;
				CLANG_WARN_ENUM_CONVERSION = YES;
				CLANG_WARN_INFINITE_RECURSION = YES;
				CLANG_WARN_INT_CONVERSION = YES;
				CLANG_WARN_NON_LITERAL_NULL_CONVERSION = YES;
				CLANG_WARN_OBJC_IMPLICIT_RETAIN_SELF = YES;
				CLANG_WARN_OBJC_LITERAL_CONVERSION = YES;
				CLANG_WARN_OBJC_ROOT_CLASS = YES_ERROR;
				CLANG_WARN_RANGE_LOOP_ANALYSIS = YES;
				CLANG_WARN_STRICT_PROTOTYPES = YES;
				CLANG_WARN_SUSPICIOUS_MOVE = YES;
				CLANG_WARN_UNGUARDED_AVAILABILITY = YES_AGGRESSIVE;
				CLANG_WARN_UNREACHABLE_CODE = YES;
				CLANG_WARN__DUPLICATE_METHOD_MATCH = YES;
				COPY_PHASE_STRIP = NO;
				DEBUG_INFORMATION_FORMAT = "dwarf-with-dsym";
				ENABLE_NS_ASSERTIONS = NO;
				ENABLE_STRICT_OBJC_MSGSEND = YES;
				GCC_C_LANGUAGE_STANDARD = gnu11;
				GCC_NO_COMMON_BLOCKS = YES;
				GCC_WARN_64_TO_32_BIT_CONVERSION = YES;
				GCC_WARN_ABOUT_RETURN_TYPE = YES_ERROR;
				GCC_WARN_UNDECLARED_SELECTOR = YES;
				GCC_WARN_UNINITIALIZED_AUTOS = YES_AGGRESSIVE;
				GCC_WARN_UNUSED_FUNCTION = YES;
				GCC_WARN_UNUSED_VARIABLE = YES;
				IPHONEOS_DEPLOYMENT_TARGET = 13.0;
				MTL_ENABLE_DEBUG_INFO = NO;
				MTL_FAST_MATH = YES;
				SDKROOT = iphoneos;
				SWIFT_COMPILATION_MODE = wholemodule;
				SWIFT_OPTIMIZATION_LEVEL = "-O";
				VALIDATE_PRODUCT = YES;
			};
			name = Release;
		};
		D0339BF422D241FE00898F2B /* Debug */ = {
			isa = XCBuildConfiguration;
			buildSettings = {
				ASSETCATALOG_COMPILER_APPICON_NAME = AppIcon;
				CODE_SIGN_STYLE = Automatic;
				DEVELOPMENT_ASSET_PATHS = "news-api/Preview\\ Content";
				ENABLE_PREVIEWS = YES;
				INFOPLIST_FILE = "news-api/Info.plist";
				LD_RUNPATH_SEARCH_PATHS = (
					"$(inherited)",
					"@executable_path/Frameworks",
				);
				PRODUCT_BUNDLE_IDENTIFIER = "maxencemottard.news-api";
				PRODUCT_NAME = "$(TARGET_NAME)";
				SWIFT_VERSION = 5.0;
				TARGETED_DEVICE_FAMILY = "1,2";
			};
			name = Debug;
		};
		D0339BF522D241FE00898F2B /* Release */ = {
			isa = XCBuildConfiguration;
			buildSettings = {
				ASSETCATALOG_COMPILER_APPICON_NAME = AppIcon;
				CODE_SIGN_STYLE = Automatic;
				DEVELOPMENT_ASSET_PATHS = "news-api/Preview\\ Content";
				ENABLE_PREVIEWS = YES;
				INFOPLIST_FILE = "news-api/Info.plist";
				LD_RUNPATH_SEARCH_PATHS = (
					"$(inherited)",
					"@executable_path/Frameworks",
				);
				PRODUCT_BUNDLE_IDENTIFIER = "maxencemottard.news-api";
				PRODUCT_NAME = "$(TARGET_NAME)";
				SWIFT_VERSION = 5.0;
				TARGETED_DEVICE_FAMILY = "1,2";
			};
			name = Release;
		};
/* End XCBuildConfiguration section */

/* Begin XCConfigurationList section */
		D0339BDA22D241FB00898F2B /* Build configuration list for PBXProject "news-api" */ = {
			isa = XCConfigurationList;
			buildConfigurations = (
				D0339BF122D241FE00898F2B /* Debug */,
				D0339BF222D241FE00898F2B /* Release */,
			);
			defaultConfigurationIsVisible = 0;
			defaultConfigurationName = Release;
		};
		D0339BF322D241FE00898F2B /* Build configuration list for PBXNativeTarget "news-api" */ = {
			isa = XCConfigurationList;
			buildConfigurations = (
				D0339BF422D241FE00898F2B /* Debug */,
				D0339BF522D241FE00898F2B /* Release */,
			);
			defaultConfigurationIsVisible = 0;
			defaultConfigurationName = Release;
		};
/* End XCConfigurationList section */
	};
	rootObject = D0339BD722D241FB00898F2B /* Project object */;
}
